
Microsoft Visual Studio Solution File, Format Version 12.00
# Visual Studio 15
VisualStudioVersion = 15.0.26228.4
MinimumVisualStudioVersion = 10.0.40219.1
Project("{FAE04EC0-301F-11D3-BF4B-00C04F79EFBC}") = "F!X", "F!X\F!X.csproj", "{F812148E-A45E-44F2-A728-05A289C75BA8}"
EndProject
Project("{8BC9CEB8-8B4A-11D0-8D11-00A0C91BC942}") = "Microsoft.Maker.Serial", "..\..\..\..\Desktop\serial-wiring-develop\Microsoft.Maker.Serial.win10\Microsoft.Maker.Serial.vcxproj", "{8376216C-282A-4927-B9EF-C2D545FE0BCA}"
EndProject
Project("{8BC9CEB8-8B4A-11D0-8D11-00A0C91BC942}") = "Microsoft.Maker.RemoteWiring", "..\..\..\..\Desktop\remote-wiring-develop\Microsoft.Maker.win10\Microsoft.Maker.RemoteWiring\Microsoft.Maker.RemoteWiring.vcxproj", "{5A8B1BB1-7CD5-47C4-A1F7-D7BCF5FACAD1}"
EndProject
Project("{8BC9CEB8-8B4A-11D0-8D11-00A0C91BC942}") = "Microsoft.Maker.Firmata", "..\..\..\..\Desktop\remote-wiring-develop\Microsoft.Maker.win10\Microsoft.Maker.Firmata\Microsoft.Maker.Firmata.vcxproj", "{F0A53BC9-C617-47DD-8B68-F91E3502D633}"
EndProject
Project("{FAE04EC0-301F-11D3-BF4B-00C04F79EFBC}") = "UnitTests", "UnitTests\UnitTests.csproj", "{518E0B1A-C44F-4A9C-9168-B2E7CB5C9075}"
EndProject
Project("{8BC9CEB8-8B4A-11D0-8D11-00A0C91BC942}") = "Sensors.Dht", "..\..\..\Desktop\TemperatureSensorSample\Sensors.Dht\Sensors.Dht.vcxproj", "{2CD70A4F-9EED-4CDA-9E07-1A2BD33B4976}"
EndProject
Global
	GlobalSection(SolutionConfigurationPlatforms) = preSolution
		Debug|ARM = Debug|ARM
		Debug|x64 = Debug|x64
		Debug|x86 = Debug|x86
		Release|ARM = Release|ARM
		Release|x64 = Release|x64
		Release|x86 = Release|x86
	EndGlobalSection
	GlobalSection(ProjectConfigurationPlatforms) = postSolution
		{F812148E-A45E-44F2-A728-05A289C75BA8}.Debug|ARM.ActiveCfg = Debug|ARM
		{F812148E-A45E-44F2-A728-05A289C75BA8}.Debug|ARM.Build.0 = Debug|ARM
		{F812148E-A45E-44F2-A728-05A289C75BA8}.Debug|ARM.Deploy.0 = Debug|ARM
		{F812148E-A45E-44F2-A728-05A289C75BA8}.Debug|x64.ActiveCfg = Debug|x64
		{F812148E-A45E-44F2-A728-05A289C75BA8}.Debug|x64.Build.0 = Debug|x64
		{F812148E-A45E-44F2-A728-05A289C75BA8}.Debug|x64.Deploy.0 = Debug|x64
		{F812148E-A45E-44F2-A728-05A289C75BA8}.Debug|x86.ActiveCfg = Debug|x86
		{F812148E-A45E-44F2-A728-05A289C75BA8}.Debug|x86.Build.0 = Debug|x86
		{F812148E-A45E-44F2-A728-05A289C75BA8}.Debug|x86.Deploy.0 = Debug|x86
		{F812148E-A45E-44F2-A728-05A289C75BA8}.Release|ARM.ActiveCfg = Release|ARM
		{F812148E-A45E-44F2-A728-05A289C75BA8}.Release|ARM.Build.0 = Release|ARM
		{F812148E-A45E-44F2-A728-05A289C75BA8}.Release|ARM.Deploy.0 = Release|ARM
		{F812148E-A45E-44F2-A728-05A289C75BA8}.Release|x64.ActiveCfg = Release|x64
		{F812148E-A45E-44F2-A728-05A289C75BA8}.Release|x64.Build.0 = Release|x64
		{F812148E-A45E-44F2-A728-05A289C75BA8}.Release|x64.Deploy.0 = Release|x64
		{F812148E-A45E-44F2-A728-05A289C75BA8}.Release|x86.ActiveCfg = Release|x86
		{F812148E-A45E-44F2-A728-05A289C75BA8}.Release|x86.Build.0 = Release|x86
		{F812148E-A45E-44F2-A728-05A289C75BA8}.Release|x86.Deploy.0 = Release|x86
		{8376216C-282A-4927-B9EF-C2D545FE0BCA}.Debug|ARM.ActiveCfg = Debug|ARM
		{8376216C-282A-4927-B9EF-C2D545FE0BCA}.Debug|ARM.Build.0 = Debug|ARM
		{8376216C-282A-4927-B9EF-C2D545FE0BCA}.Debug|x64.ActiveCfg = Debug|x64
		{8376216C-282A-4927-B9EF-C2D545FE0BCA}.Debug|x64.Build.0 = Debug|x64
		{8376216C-282A-4927-B9EF-C2D545FE0BCA}.Debug|x86.ActiveCfg = Debug|Win32
		{8376216C-282A-4927-B9EF-C2D545FE0BCA}.Debug|x86.Build.0 = Debug|Win32
		{8376216C-282A-4927-B9EF-C2D545FE0BCA}.Release|ARM.ActiveCfg = Release|ARM
		{8376216C-282A-4927-B9EF-C2D545FE0BCA}.Release|ARM.Build.0 = Release|ARM
		{8376216C-282A-4927-B9EF-C2D545FE0BCA}.Release|x64.ActiveCfg = Release|x64
		{8376216C-282A-4927-B9EF-C2D545FE0BCA}.Release|x64.Build.0 = Release|x64
		{8376216C-282A-4927-B9EF-C2D545FE0BCA}.Release|x86.ActiveCfg = Release|Win32
		{8376216C-282A-4927-B9EF-C2D545FE0BCA}.Release|x86.Build.0 = Release|Win32
		{5A8B1BB1-7CD5-47C4-A1F7-D7BCF5FACAD1}.Debug|ARM.ActiveCfg = Debug|ARM
		{5A8B1BB1-7CD5-47C4-A1F7-D7BCF5FACAD1}.Debug|ARM.Build.0 = Debug|ARM
		{5A8B1BB1-7CD5-47C4-A1F7-D7BCF5FACAD1}.Debug|x64.ActiveCfg = Debug|x64
		{5A8B1BB1-7CD5-47C4-A1F7-D7BCF5FACAD1}.Debug|x64.Build.0 = Debug|x64
		{5A8B1BB1-7CD5-47C4-A1F7-D7BCF5FACAD1}.Debug|x86.ActiveCfg = Debug|Win32
		{5A8B1BB1-7CD5-47C4-A1F7-D7BCF5FACAD1}.Debug|x86.Build.0 = Debug|Win32
		{5A8B1BB1-7CD5-47C4-A1F7-D7BCF5FACAD1}.Release|ARM.ActiveCfg = Release|ARM
		{5A8B1BB1-7CD5-47C4-A1F7-D7BCF5FACAD1}.Release|ARM.Build.0 = Release|ARM
		{5A8B1BB1-7CD5-47C4-A1F7-D7BCF5FACAD1}.Release|x64.ActiveCfg = Release|x64
		{5A8B1BB1-7CD5-47C4-A1F7-D7BCF5FACAD1}.Release|x64.Build.0 = Release|x64
		{5A8B1BB1-7CD5-47C4-A1F7-D7BCF5FACAD1}.Release|x86.ActiveCfg = Release|Win32
		{5A8B1BB1-7CD5-47C4-A1F7-D7BCF5FACAD1}.Release|x86.Build.0 = Release|Win32
		{F0A53BC9-C617-47DD-8B68-F91E3502D633}.Debug|ARM.ActiveCfg = Debug|ARM
		{F0A53BC9-C617-47DD-8B68-F91E3502D633}.Debug|ARM.Build.0 = Debug|ARM
		{F0A53BC9-C617-47DD-8B68-F91E3502D633}.Debug|x64.ActiveCfg = Debug|x64
		{F0A53BC9-C617-47DD-8B68-F91E3502D633}.Debug|x64.Build.0 = Debug|x64
		{F0A53BC9-C617-47DD-8B68-F91E3502D633}.Debug|x86.ActiveCfg = Debug|Win32
		{F0A53BC9-C617-47DD-8B68-F91E3502D633}.Debug|x86.Build.0 = Debug|Win32
		{F0A53BC9-C617-47DD-8B68-F91E3502D633}.Release|ARM.ActiveCfg = Release|ARM
		{F0A53BC9-C617-47DD-8B68-F91E3502D633}.Release|ARM.Build.0 = Release|ARM
		{F0A53BC9-C617-47DD-8B68-F91E3502D633}.Release|x64.ActiveCfg = Release|x64
		{F0A53BC9-C617-47DD-8B68-F91E3502D633}.Release|x64.Build.0 = Release|x64
		{F0A53BC9-C617-47DD-8B68-F91E3502D633}.Release|x86.ActiveCfg = Release|Win32
		{F0A53BC9-C617-47DD-8B68-F91E3502D633}.Release|x86.Build.0 = Release|Win32
		{518E0B1A-C44F-4A9C-9168-B2E7CB5C9075}.Debug|ARM.ActiveCfg = Debug|ARM
		{518E0B1A-C44F-4A9C-9168-B2E7CB5C9075}.Debug|ARM.Build.0 = Debug|ARM
		{518E0B1A-C44F-4A9C-9168-B2E7CB5C9075}.Debug|ARM.Deploy.0 = Debug|ARM
		{518E0B1A-C44F-4A9C-9168-B2E7CB5C9075}.Debug|x64.ActiveCfg = Debug|x64
		{518E0B1A-C44F-4A9C-9168-B2E7CB5C9075}.Debug|x64.Build.0 = Debug|x64
		{518E0B1A-C44F-4A9C-9168-B2E7CB5C9075}.Debug|x64.Deploy.0 = Debug|x64
		{518E0B1A-C44F-4A9C-9168-B2E7CB5C9075}.Debug|x86.ActiveCfg = Debug|x86
		{518E0B1A-C44F-4A9C-9168-B2E7CB5C9075}.Debug|x86.Build.0 = Debug|x86
		{518E0B1A-C44F-4A9C-9168-B2E7CB5C9075}.Debug|x86.Deploy.0 = Debug|x86
		{518E0B1A-C44F-4A9C-9168-B2E7CB5C9075}.Release|ARM.ActiveCfg = Release|ARM
		{518E0B1A-C44F-4A9C-9168-B2E7CB5C9075}.Release|ARM.Build.0 = Release|ARM
		{518E0B1A-C44F-4A9C-9168-B2E7CB5C9075}.Release|ARM.Deploy.0 = Release|ARM
		{518E0B1A-C44F-4A9C-9168-B2E7CB5C9075}.Release|x64.ActiveCfg = Release|x64
		{518E0B1A-C44F-4A9C-9168-B2E7CB5C9075}.Release|x64.Build.0 = Release|x64
		{518E0B1A-C44F-4A9C-9168-B2E7CB5C9075}.Release|x64.Deploy.0 = Release|x64
		{518E0B1A-C44F-4A9C-9168-B2E7CB5C9075}.Release|x86.ActiveCfg = Release|x86
		{518E0B1A-C44F-4A9C-9168-B2E7CB5C9075}.Release|x86.Build.0 = Release|x86
		{518E0B1A-C44F-4A9C-9168-B2E7CB5C9075}.Release|x86.Deploy.0 = Release|x86
		{2CD70A4F-9EED-4CDA-9E07-1A2BD33B4976}.Debug|ARM.ActiveCfg = Debug|ARM
		{2CD70A4F-9EED-4CDA-9E07-1A2BD33B4976}.Debug|ARM.Build.0 = Debug|ARM
		{2CD70A4F-9EED-4CDA-9E07-1A2BD33B4976}.Debug|x64.ActiveCfg = Debug|x64
		{2CD70A4F-9EED-4CDA-9E07-1A2BD33B4976}.Debug|x64.Build.0 = Debug|x64
		{2CD70A4F-9EED-4CDA-9E07-1A2BD33B4976}.Debug|x86.ActiveCfg = Debug|Win32
		{2CD70A4F-9EED-4CDA-9E07-1A2BD33B4976}.Debug|x86.Build.0 = Debug|Win32
		{2CD70A4F-9EED-4CDA-9E07-1A2BD33B4976}.Release|ARM.ActiveCfg = Release|ARM
		{2CD70A4F-9EED-4CDA-9E07-1A2BD33B4976}.Release|ARM.Build.0 = Release|ARM
		{2CD70A4F-9EED-4CDA-9E07-1A2BD33B4976}.Release|x64.ActiveCfg = Release|x64
		{2CD70A4F-9EED-4CDA-9E07-1A2BD33B4976}.Release|x64.Build.0 = Release|x64
		{2CD70A4F-9EED-4CDA-9E07-1A2BD33B4976}.Release|x86.ActiveCfg = Release|Win32
		{2CD70A4F-9EED-4CDA-9E07-1A2BD33B4976}.Release|x86.Build.0 = Release|Win32
	EndGlobalSection
	GlobalSection(SolutionProperties) = preSolution
		HideSolutionNode = FALSE
	EndGlobalSection
EndGlobal
